
Microsoft Visual Studio Solution File, Format Version 12.00
Project("{FAE04EC0-301F-11D3-BF4B-00C04F79EFBC}") = "ANIMAL REST SQL", "ANIMAL REST SQL\ANIMAL REST SQL.csproj", "{8B77E733-95D3-4D52-8053-0417CDAB65EF}"
EndProject
Global
	GlobalSection(SolutionConfigurationPlatforms) = preSolution
		Debug|Any CPU = Debug|Any CPU
		Release|Any CPU = Release|Any CPU
	EndGlobalSection
	GlobalSection(ProjectConfigurationPlatforms) = postSolution
		{8B77E733-95D3-4D52-8053-0417CDAB65EF}.Debug|Any CPU.ActiveCfg = Debug|Any CPU
		{8B77E733-95D3-4D52-8053-0417CDAB65EF}.Debug|Any CPU.Build.0 = Debug|Any CPU
		{8B77E733-95D3-4D52-8053-0417CDAB65EF}.Release|Any CPU.ActiveCfg = Release|Any CPU
		{8B77E733-95D3-4D52-8053-0417CDAB65EF}.Release|Any CPU.Build.0 = Release|Any CPU
	EndGlobalSection
EndGlobal
